
Microsoft Visual Studio Solution File, Format Version 12.00
# Visual Studio Version 16
VisualStudioVersion = 16.0.30523.141
MinimumVisualStudioVersion = 10.0.40219.1
Project("{FAE04EC0-301F-11D3-BF4B-00C04F79EFBC}") = "XamarinLaboratorinis3", "XamarinLaboratorinis3\XamarinLaboratorinis3.csproj", "{652AE589-A912-4BF0-8AF1-26B1A8385F1C}"
EndProject
Global
	GlobalSection(SolutionConfigurationPlatforms) = preSolution
		Debug|Any CPU = Debug|Any CPU
		Release|Any CPU = Release|Any CPU
	EndGlobalSection
	GlobalSection(ProjectConfigurationPlatforms) = postSolution
		{652AE589-A912-4BF0-8AF1-26B1A8385F1C}.Debug|Any CPU.ActiveCfg = Debug|Any CPU
		{652AE589-A912-4BF0-8AF1-26B1A8385F1C}.Debug|Any CPU.Build.0 = Debug|Any CPU
		{652AE589-A912-4BF0-8AF1-26B1A8385F1C}.Debug|Any CPU.Deploy.0 = Debug|Any CPU
		{652AE589-A912-4BF0-8AF1-26B1A8385F1C}.Release|Any CPU.ActiveCfg = Release|Any CPU
		{652AE589-A912-4BF0-8AF1-26B1A8385F1C}.Release|Any CPU.Build.0 = Release|Any CPU
		{652AE589-A912-4BF0-8AF1-26B1A8385F1C}.Release|Any CPU.Deploy.0 = Release|Any CPU
	EndGlobalSection
	GlobalSection(SolutionProperties) = preSolution
		HideSolutionNode = FALSE
	EndGlobalSection
	GlobalSection(ExtensibilityGlobals) = postSolution
		SolutionGuid = {F653C4D6-D77B-45E5-84E6-812BD463114A}
	EndGlobalSection
EndGlobal
